// !$*UTF8*$!
{
	archiveVersion = 1;
	classes = {
	};
	objectVersion = 46;
	objects = {

/* Begin PBXBuildFile section */
		0700B4EC1F141A1500975924 /* HouseViewController.swift in Sources */ = {isa = PBXBuildFile; fileRef = 0700B4EA1F141A1500975924 /* HouseViewController.swift */; };
		0700B4ED1F141A1500975924 /* HouseViewController.xib in Resources */ = {isa = PBXBuildFile; fileRef = 0700B4EB1F141A1500975924 /* HouseViewController.xib */; };
		073213901F35DD0900399A4B /* metal-number-0.png in Resources */ = {isa = PBXBuildFile; fileRef = 073213851F35DD0900399A4B /* metal-number-0.png */; };
		073213911F35DD0900399A4B /* metal-number-1.png in Resources */ = {isa = PBXBuildFile; fileRef = 073213861F35DD0900399A4B /* metal-number-1.png */; };
		073213921F35DD0900399A4B /* metal-number-2.png in Resources */ = {isa = PBXBuildFile; fileRef = 073213871F35DD0900399A4B /* metal-number-2.png */; };
		073213931F35DD0900399A4B /* metal-number-3.png in Resources */ = {isa = PBXBuildFile; fileRef = 073213881F35DD0900399A4B /* metal-number-3.png */; };
		073213941F35DD0900399A4B /* metal-number-4.png in Resources */ = {isa = PBXBuildFile; fileRef = 073213891F35DD0900399A4B /* metal-number-4.png */; };
		073213951F35DD0900399A4B /* metal-number-5.png in Resources */ = {isa = PBXBuildFile; fileRef = 0732138A1F35DD0900399A4B /* metal-number-5.png */; };
		073213961F35DD0900399A4B /* metal-number-6.png in Resources */ = {isa = PBXBuildFile; fileRef = 0732138B1F35DD0900399A4B /* metal-number-6.png */; };
		073213971F35DD0900399A4B /* metal-number-7.png in Resources */ = {isa = PBXBuildFile; fileRef = 0732138C1F35DD0900399A4B /* metal-number-7.png */; };
		073213981F35DD0900399A4B /* metal-number-8.png in Resources */ = {isa = PBXBuildFile; fileRef = 0732138D1F35DD0900399A4B /* metal-number-8.png */; };
		073213991F35DD0900399A4B /* metal-number-9.png in Resources */ = {isa = PBXBuildFile; fileRef = 0732138E1F35DD0900399A4B /* metal-number-9.png */; };
		07337ED11F3483F60047E99A /* EpisodeTest.swift in Sources */ = {isa = PBXBuildFile; fileRef = 07337ED01F3483F60047E99A /* EpisodeTest.swift */; };
		07337ED41F34AF900047E99A /* SeasonViewController.swift in Sources */ = {isa = PBXBuildFile; fileRef = 07337ED21F34AF900047E99A /* SeasonViewController.swift */; };
		07337ED51F34AF900047E99A /* SeasonViewController.xib in Resources */ = {isa = PBXBuildFile; fileRef = 07337ED31F34AF900047E99A /* SeasonViewController.xib */; };
		073F359E1F3288E000E8C70A /* SeasonTest.swift in Sources */ = {isa = PBXBuildFile; fileRef = 073F359D1F3288E000E8C70A /* SeasonTest.swift */; };
		073F35A01F3289F000E8C70A /* Season.swift in Sources */ = {isa = PBXBuildFile; fileRef = 073F359F1F3289F000E8C70A /* Season.swift */; };
		073FB2821F155DC400CC2E62 /* UIKitExtensions.swift in Sources */ = {isa = PBXBuildFile; fileRef = 073FB2811F155DC400CC2E62 /* UIKitExtensions.swift */; };
		073FB2841F15608500CC2E62 /* RepositoryTests.swift in Sources */ = {isa = PBXBuildFile; fileRef = 073FB2831F15608500CC2E62 /* RepositoryTests.swift */; };
		073FB2861F15623000CC2E62 /* Repository.swift in Sources */ = {isa = PBXBuildFile; fileRef = 073FB2851F15623000CC2E62 /* Repository.swift */; };
		073FD4B61F1E8EB3006290F8 /* MembersViewController.swift in Sources */ = {isa = PBXBuildFile; fileRef = 073FD4B41F1E8EB3006290F8 /* MembersViewController.swift */; };
		073FD4B71F1E8EB3006290F8 /* MembersViewController.xib in Resources */ = {isa = PBXBuildFile; fileRef = 073FD4B51F1E8EB3006290F8 /* MembersViewController.xib */; };
		073FD4B91F1E99EA006290F8 /* ArrayDataSource.swift in Sources */ = {isa = PBXBuildFile; fileRef = 073FD4B81F1E99EA006290F8 /* ArrayDataSource.swift */; };
		073FD4BB1F1E9EF6006290F8 /* ArrayDataSourceTests.swift in Sources */ = {isa = PBXBuildFile; fileRef = 073FD4BA1F1E9EF6006290F8 /* ArrayDataSourceTests.swift */; };
		0751E7451F1AA5DA001AE9B9 /* mormont.png in Resources */ = {isa = PBXBuildFile; fileRef = 0751E7441F1AA5DA001AE9B9 /* mormont.png */; };
		0751E74D1F1AA97B001AE9B9 /* targaryen.png in Resources */ = {isa = PBXBuildFile; fileRef = 0751E74C1F1AA97B001AE9B9 /* targaryen.png */; };
		0751E74F1F1AA9AD001AE9B9 /* tyrell.png in Resources */ = {isa = PBXBuildFile; fileRef = 0751E74E1F1AA9AD001AE9B9 /* tyrell.png */; };
		0751E7511F1AD5E6001AE9B9 /* greyjoy.png in Resources */ = {isa = PBXBuildFile; fileRef = 0751E7501F1AD5E6001AE9B9 /* greyjoy.png */; };
		075764001F332453006B09D2 /* Episode.swift in Sources */ = {isa = PBXBuildFile; fileRef = 075763FF1F332453006B09D2 /* Episode.swift */; };
		0774C7291F37296300112B1E /* sprite_LoadingCircle_0.png in Resources */ = {isa = PBXBuildFile; fileRef = 0774C7211F37296300112B1E /* sprite_LoadingCircle_0.png */; };
		0774C72A1F37296300112B1E /* sprite_LoadingCircle_1.png in Resources */ = {isa = PBXBuildFile; fileRef = 0774C7221F37296300112B1E /* sprite_LoadingCircle_1.png */; };
		0774C72B1F37296300112B1E /* sprite_LoadingCircle_2.png in Resources */ = {isa = PBXBuildFile; fileRef = 0774C7231F37296300112B1E /* sprite_LoadingCircle_2.png */; };
		0774C72C1F37296300112B1E /* sprite_LoadingCircle_3.png in Resources */ = {isa = PBXBuildFile; fileRef = 0774C7241F37296300112B1E /* sprite_LoadingCircle_3.png */; };
		0774C72D1F37296300112B1E /* sprite_LoadingCircle_4.png in Resources */ = {isa = PBXBuildFile; fileRef = 0774C7251F37296300112B1E /* sprite_LoadingCircle_4.png */; };
		0774C72E1F37296300112B1E /* sprite_LoadingCircle_5.png in Resources */ = {isa = PBXBuildFile; fileRef = 0774C7261F37296300112B1E /* sprite_LoadingCircle_5.png */; };
		0774C72F1F37296300112B1E /* sprite_LoadingCircle_6.png in Resources */ = {isa = PBXBuildFile; fileRef = 0774C7271F37296300112B1E /* sprite_LoadingCircle_6.png */; };
		0774C7301F37296300112B1E /* sprite_LoadingCircle_7.png in Resources */ = {isa = PBXBuildFile; fileRef = 0774C7281F37296300112B1E /* sprite_LoadingCircle_7.png */; };
		078845661F0EC87700F0106B /* lannister.jpg in Resources */ = {isa = PBXBuildFile; fileRef = 078845641F0EC87700F0106B /* lannister.jpg */; };
		078845671F0EC87700F0106B /* codeIsComing.png in Resources */ = {isa = PBXBuildFile; fileRef = 078845651F0EC87700F0106B /* codeIsComing.png */; };
		0788456A1F0ECABB00F0106B /* PersonTest.swift in Sources */ = {isa = PBXBuildFile; fileRef = 078845691F0ECABB00F0106B /* PersonTest.swift */; };
		0788456C1F0ECDA800F0106B /* Person.swift in Sources */ = {isa = PBXBuildFile; fileRef = 0788456B1F0ECDA800F0106B /* Person.swift */; };
		07902D981F36350400659126 /* EpisodeViewController.swift in Sources */ = {isa = PBXBuildFile; fileRef = 07902D961F36350400659126 /* EpisodeViewController.swift */; };
		07902D991F36350400659126 /* EpisodeViewController.xib in Resources */ = {isa = PBXBuildFile; fileRef = 07902D971F36350400659126 /* EpisodeViewController.xib */; };
		079AD8E51F1EA9B300DB5B34 /* ArrayTableViewController.swift in Sources */ = {isa = PBXBuildFile; fileRef = 079AD8E41F1EA9B300DB5B34 /* ArrayTableViewController.swift */; };
		079AD8E81F1EAB7600DB5B34 /* DataSources.swift in Sources */ = {isa = PBXBuildFile; fileRef = 079AD8E71F1EAB7600DB5B34 /* DataSources.swift */; };
		079AD8EE1F1EB16B00DB5B34 /* Delegates.swift in Sources */ = {isa = PBXBuildFile; fileRef = 079AD8ED1F1EB16B00DB5B34 /* Delegates.swift */; };
		079D5A291F0C47E30027D8F5 /* AppDelegate.swift in Sources */ = {isa = PBXBuildFile; fileRef = 079D5A281F0C47E30027D8F5 /* AppDelegate.swift */; };
		079D5A301F0C47E30027D8F5 /* Assets.xcassets in Resources */ = {isa = PBXBuildFile; fileRef = 079D5A2F1F0C47E30027D8F5 /* Assets.xcassets */; };
		079D5A331F0C47E30027D8F5 /* LaunchScreen.storyboard in Resources */ = {isa = PBXBuildFile; fileRef = 079D5A311F0C47E30027D8F5 /* LaunchScreen.storyboard */; };
		07A568B31F1D4A2A0046E484 /* WikiViewController.swift in Sources */ = {isa = PBXBuildFile; fileRef = 07A568B11F1D4A2A0046E484 /* WikiViewController.swift */; };
		07A568B41F1D4A2A0046E484 /* WikiViewController.xib in Resources */ = {isa = PBXBuildFile; fileRef = 07A568B21F1D4A2A0046E484 /* WikiViewController.xib */; };
		07A568BD1F1D668D0046E484 /* HousesViewController.swift in Sources */ = {isa = PBXBuildFile; fileRef = 07A568BB1F1D668D0046E484 /* HousesViewController.swift */; };
		07A568BE1F1D668D0046E484 /* HousesViewController.xib in Resources */ = {isa = PBXBuildFile; fileRef = 07A568BC1F1D668D0046E484 /* HousesViewController.xib */; };
		07B89C971F0EF3E0008DE341 /* House.swift in Sources */ = {isa = PBXBuildFile; fileRef = 07B89C961F0EF3E0008DE341 /* House.swift */; };
		07B89C991F0EF422008DE341 /* HouseTest.swift in Sources */ = {isa = PBXBuildFile; fileRef = 07B89C981F0EF422008DE341 /* HouseTest.swift */; };
/* End PBXBuildFile section */

/* Begin PBXContainerItemProxy section */
		079D5A3A1F0C47E40027D8F5 /* PBXContainerItemProxy */ = {
			isa = PBXContainerItemProxy;
			containerPortal = 079D5A1D1F0C47E30027D8F5 /* Project object */;
			proxyType = 1;
			remoteGlobalIDString = 079D5A241F0C47E30027D8F5;
			remoteInfo = Westeros;
		};
/* End PBXContainerItemProxy section */

/* Begin PBXFileReference section */
		0700B4EA1F141A1500975924 /* HouseViewController.swift */ = {isa = PBXFileReference; fileEncoding = 4; lastKnownFileType = sourcecode.swift; path = HouseViewController.swift; sourceTree = "<group>"; };
		0700B4EB1F141A1500975924 /* HouseViewController.xib */ = {isa = PBXFileReference; fileEncoding = 4; lastKnownFileType = file.xib; path = HouseViewController.xib; sourceTree = "<group>"; };
		073213851F35DD0900399A4B /* metal-number-0.png */ = {isa = PBXFileReference; lastKnownFileType = image.png; path = "metal-number-0.png"; sourceTree = "<group>"; };
		073213861F35DD0900399A4B /* metal-number-1.png */ = {isa = PBXFileReference; lastKnownFileType = image.png; path = "metal-number-1.png"; sourceTree = "<group>"; };
		073213871F35DD0900399A4B /* metal-number-2.png */ = {isa = PBXFileReference; lastKnownFileType = image.png; path = "metal-number-2.png"; sourceTree = "<group>"; };
		073213881F35DD0900399A4B /* metal-number-3.png */ = {isa = PBXFileReference; lastKnownFileType = image.png; path = "metal-number-3.png"; sourceTree = "<group>"; };
		073213891F35DD0900399A4B /* metal-number-4.png */ = {isa = PBXFileReference; lastKnownFileType = image.png; path = "metal-number-4.png"; sourceTree = "<group>"; };
		0732138A1F35DD0900399A4B /* metal-number-5.png */ = {isa = PBXFileReference; lastKnownFileType = image.png; path = "metal-number-5.png"; sourceTree = "<group>"; };
		0732138B1F35DD0900399A4B /* metal-number-6.png */ = {isa = PBXFileReference; lastKnownFileType = image.png; path = "metal-number-6.png"; sourceTree = "<group>"; };
		0732138C1F35DD0900399A4B /* metal-number-7.png */ = {isa = PBXFileReference; lastKnownFileType = image.png; path = "metal-number-7.png"; sourceTree = "<group>"; };
		0732138D1F35DD0900399A4B /* metal-number-8.png */ = {isa = PBXFileReference; lastKnownFileType = image.png; path = "metal-number-8.png"; sourceTree = "<group>"; };
		0732138E1F35DD0900399A4B /* metal-number-9.png */ = {isa = PBXFileReference; lastKnownFileType = image.png; path = "metal-number-9.png"; sourceTree = "<group>"; };
		07337ED01F3483F60047E99A /* EpisodeTest.swift */ = {isa = PBXFileReference; fileEncoding = 4; lastKnownFileType = sourcecode.swift; path = EpisodeTest.swift; sourceTree = "<group>"; };
		07337ED21F34AF900047E99A /* SeasonViewController.swift */ = {isa = PBXFileReference; fileEncoding = 4; lastKnownFileType = sourcecode.swift; path = SeasonViewController.swift; sourceTree = "<group>"; };
		07337ED31F34AF900047E99A /* SeasonViewController.xib */ = {isa = PBXFileReference; fileEncoding = 4; lastKnownFileType = file.xib; path = SeasonViewController.xib; sourceTree = "<group>"; };
		073F359D1F3288E000E8C70A /* SeasonTest.swift */ = {isa = PBXFileReference; fileEncoding = 4; lastKnownFileType = sourcecode.swift; path = SeasonTest.swift; sourceTree = "<group>"; };
		073F359F1F3289F000E8C70A /* Season.swift */ = {isa = PBXFileReference; fileEncoding = 4; lastKnownFileType = sourcecode.swift; path = Season.swift; sourceTree = "<group>"; };
		073FB2811F155DC400CC2E62 /* UIKitExtensions.swift */ = {isa = PBXFileReference; fileEncoding = 4; lastKnownFileType = sourcecode.swift; path = UIKitExtensions.swift; sourceTree = "<group>"; };
		073FB2831F15608500CC2E62 /* RepositoryTests.swift */ = {isa = PBXFileReference; fileEncoding = 4; lastKnownFileType = sourcecode.swift; path = RepositoryTests.swift; sourceTree = "<group>"; };
		073FB2851F15623000CC2E62 /* Repository.swift */ = {isa = PBXFileReference; fileEncoding = 4; lastKnownFileType = sourcecode.swift; path = Repository.swift; sourceTree = "<group>"; };
		073FD4B41F1E8EB3006290F8 /* MembersViewController.swift */ = {isa = PBXFileReference; fileEncoding = 4; lastKnownFileType = sourcecode.swift; path = MembersViewController.swift; sourceTree = "<group>"; };
		073FD4B51F1E8EB3006290F8 /* MembersViewController.xib */ = {isa = PBXFileReference; fileEncoding = 4; lastKnownFileType = file.xib; path = MembersViewController.xib; sourceTree = "<group>"; };
		073FD4B81F1E99EA006290F8 /* ArrayDataSource.swift */ = {isa = PBXFileReference; fileEncoding = 4; lastKnownFileType = sourcecode.swift; path = ArrayDataSource.swift; sourceTree = "<group>"; };
		073FD4BA1F1E9EF6006290F8 /* ArrayDataSourceTests.swift */ = {isa = PBXFileReference; fileEncoding = 4; lastKnownFileType = sourcecode.swift; path = ArrayDataSourceTests.swift; sourceTree = "<group>"; };
		0751E7441F1AA5DA001AE9B9 /* mormont.png */ = {isa = PBXFileReference; lastKnownFileType = image.png; path = mormont.png; sourceTree = "<group>"; };
		0751E74C1F1AA97B001AE9B9 /* targaryen.png */ = {isa = PBXFileReference; lastKnownFileType = image.png; path = targaryen.png; sourceTree = "<group>"; };
		0751E74E1F1AA9AD001AE9B9 /* tyrell.png */ = {isa = PBXFileReference; lastKnownFileType = image.png; path = tyrell.png; sourceTree = "<group>"; };
		0751E7501F1AD5E6001AE9B9 /* greyjoy.png */ = {isa = PBXFileReference; lastKnownFileType = image.png; path = greyjoy.png; sourceTree = "<group>"; };
		075763FF1F332453006B09D2 /* Episode.swift */ = {isa = PBXFileReference; fileEncoding = 4; lastKnownFileType = sourcecode.swift; path = Episode.swift; sourceTree = "<group>"; };
		0774C7211F37296300112B1E /* sprite_LoadingCircle_0.png */ = {isa = PBXFileReference; lastKnownFileType = image.png; path = sprite_LoadingCircle_0.png; sourceTree = "<group>"; };
		0774C7221F37296300112B1E /* sprite_LoadingCircle_1.png */ = {isa = PBXFileReference; lastKnownFileType = image.png; path = sprite_LoadingCircle_1.png; sourceTree = "<group>"; };
		0774C7231F37296300112B1E /* sprite_LoadingCircle_2.png */ = {isa = PBXFileReference; lastKnownFileType = image.png; path = sprite_LoadingCircle_2.png; sourceTree = "<group>"; };
		0774C7241F37296300112B1E /* sprite_LoadingCircle_3.png */ = {isa = PBXFileReference; lastKnownFileType = image.png; path = sprite_LoadingCircle_3.png; sourceTree = "<group>"; };
		0774C7251F37296300112B1E /* sprite_LoadingCircle_4.png */ = {isa = PBXFileReference; lastKnownFileType = image.png; path = sprite_LoadingCircle_4.png; sourceTree = "<group>"; };
		0774C7261F37296300112B1E /* sprite_LoadingCircle_5.png */ = {isa = PBXFileReference; lastKnownFileType = image.png; path = sprite_LoadingCircle_5.png; sourceTree = "<group>"; };
		0774C7271F37296300112B1E /* sprite_LoadingCircle_6.png */ = {isa = PBXFileReference; lastKnownFileType = image.png; path = sprite_LoadingCircle_6.png; sourceTree = "<group>"; };
		0774C7281F37296300112B1E /* sprite_LoadingCircle_7.png */ = {isa = PBXFileReference; lastKnownFileType = image.png; path = sprite_LoadingCircle_7.png; sourceTree = "<group>"; };
		078845641F0EC87700F0106B /* lannister.jpg */ = {isa = PBXFileReference; lastKnownFileType = image.jpeg; path = lannister.jpg; sourceTree = "<group>"; };
		078845651F0EC87700F0106B /* codeIsComing.png */ = {isa = PBXFileReference; lastKnownFileType = image.png; path = codeIsComing.png; sourceTree = "<group>"; };
		078845691F0ECABB00F0106B /* PersonTest.swift */ = {isa = PBXFileReference; fileEncoding = 4; lastKnownFileType = sourcecode.swift; path = PersonTest.swift; sourceTree = "<group>"; };
		0788456B1F0ECDA800F0106B /* Person.swift */ = {isa = PBXFileReference; fileEncoding = 4; lastKnownFileType = sourcecode.swift; path = Person.swift; sourceTree = "<group>"; };
		07902D961F36350400659126 /* EpisodeViewController.swift */ = {isa = PBXFileReference; fileEncoding = 4; lastKnownFileType = sourcecode.swift; path = EpisodeViewController.swift; sourceTree = "<group>"; };
		07902D971F36350400659126 /* EpisodeViewController.xib */ = {isa = PBXFileReference; fileEncoding = 4; lastKnownFileType = file.xib; path = EpisodeViewController.xib; sourceTree = "<group>"; };
		079AD8E41F1EA9B300DB5B34 /* ArrayTableViewController.swift */ = {isa = PBXFileReference; fileEncoding = 4; lastKnownFileType = sourcecode.swift; path = ArrayTableViewController.swift; sourceTree = "<group>"; };
		079AD8E71F1EAB7600DB5B34 /* DataSources.swift */ = {isa = PBXFileReference; fileEncoding = 4; lastKnownFileType = sourcecode.swift; path = DataSources.swift; sourceTree = "<group>"; };
		079AD8ED1F1EB16B00DB5B34 /* Delegates.swift */ = {isa = PBXFileReference; fileEncoding = 4; lastKnownFileType = sourcecode.swift; path = Delegates.swift; sourceTree = "<group>"; };
		079D5A251F0C47E30027D8F5 /* Westeros.app */ = {isa = PBXFileReference; explicitFileType = wrapper.application; includeInIndex = 0; path = Westeros.app; sourceTree = BUILT_PRODUCTS_DIR; };
		079D5A281F0C47E30027D8F5 /* AppDelegate.swift */ = {isa = PBXFileReference; lastKnownFileType = sourcecode.swift; path = AppDelegate.swift; sourceTree = "<group>"; };
		079D5A2F1F0C47E30027D8F5 /* Assets.xcassets */ = {isa = PBXFileReference; lastKnownFileType = folder.assetcatalog; path = Assets.xcassets; sourceTree = "<group>"; };
		079D5A321F0C47E30027D8F5 /* Base */ = {isa = PBXFileReference; lastKnownFileType = file.storyboard; name = Base; path = Base.lproj/LaunchScreen.storyboard; sourceTree = "<group>"; };
		079D5A341F0C47E30027D8F5 /* Info.plist */ = {isa = PBXFileReference; lastKnownFileType = text.plist.xml; path = Info.plist; sourceTree = "<group>"; };
		079D5A391F0C47E40027D8F5 /* WesterosTests.xctest */ = {isa = PBXFileReference; explicitFileType = wrapper.cfbundle; includeInIndex = 0; path = WesterosTests.xctest; sourceTree = BUILT_PRODUCTS_DIR; };
		079D5A3F1F0C47E40027D8F5 /* Info.plist */ = {isa = PBXFileReference; lastKnownFileType = text.plist.xml; path = Info.plist; sourceTree = "<group>"; };
		07A568B11F1D4A2A0046E484 /* WikiViewController.swift */ = {isa = PBXFileReference; fileEncoding = 4; lastKnownFileType = sourcecode.swift; path = WikiViewController.swift; sourceTree = "<group>"; };
		07A568B21F1D4A2A0046E484 /* WikiViewController.xib */ = {isa = PBXFileReference; fileEncoding = 4; lastKnownFileType = file.xib; path = WikiViewController.xib; sourceTree = "<group>"; };
		07A568BB1F1D668D0046E484 /* HousesViewController.swift */ = {isa = PBXFileReference; fileEncoding = 4; lastKnownFileType = sourcecode.swift; path = HousesViewController.swift; sourceTree = "<group>"; };
		07A568BC1F1D668D0046E484 /* HousesViewController.xib */ = {isa = PBXFileReference; fileEncoding = 4; lastKnownFileType = file.xib; path = HousesViewController.xib; sourceTree = "<group>"; };
		07B89C961F0EF3E0008DE341 /* House.swift */ = {isa = PBXFileReference; fileEncoding = 4; lastKnownFileType = sourcecode.swift; path = House.swift; sourceTree = "<group>"; };
		07B89C981F0EF422008DE341 /* HouseTest.swift */ = {isa = PBXFileReference; fileEncoding = 4; lastKnownFileType = sourcecode.swift; path = HouseTest.swift; sourceTree = "<group>"; };
/* End PBXFileReference section */

/* Begin PBXFrameworksBuildPhase section */
		079D5A221F0C47E30027D8F5 /* Frameworks */ = {
			isa = PBXFrameworksBuildPhase;
			buildActionMask = 2147483647;
			files = (
			);
			runOnlyForDeploymentPostprocessing = 0;
		};
		079D5A361F0C47E40027D8F5 /* Frameworks */ = {
			isa = PBXFrameworksBuildPhase;
			buildActionMask = 2147483647;
			files = (
			);
			runOnlyForDeploymentPostprocessing = 0;
		};
/* End PBXFrameworksBuildPhase section */

/* Begin PBXGroup section */
		073213841F35DD0900399A4B /* Numbers */ = {
			isa = PBXGroup;
			children = (
				073213851F35DD0900399A4B /* metal-number-0.png */,
				073213861F35DD0900399A4B /* metal-number-1.png */,
				073213871F35DD0900399A4B /* metal-number-2.png */,
				073213881F35DD0900399A4B /* metal-number-3.png */,
				073213891F35DD0900399A4B /* metal-number-4.png */,
				0732138A1F35DD0900399A4B /* metal-number-5.png */,
				0732138B1F35DD0900399A4B /* metal-number-6.png */,
				0732138C1F35DD0900399A4B /* metal-number-7.png */,
				0732138D1F35DD0900399A4B /* metal-number-8.png */,
				0732138E1F35DD0900399A4B /* metal-number-9.png */,
			);
			path = Numbers;
			sourceTree = "<group>";
		};
		0736A2AD1F1412A400B71D1F /* Controllers */ = {
			isa = PBXGroup;
			children = (
				079AD8E61F1EAB5A00DB5B34 /* Generics */,
				07902D961F36350400659126 /* EpisodeViewController.swift */,
				07902D971F36350400659126 /* EpisodeViewController.xib */,
				0700B4EA1F141A1500975924 /* HouseViewController.swift */,
				0700B4EB1F141A1500975924 /* HouseViewController.xib */,
				07A568BB1F1D668D0046E484 /* HousesViewController.swift */,
				07A568BC1F1D668D0046E484 /* HousesViewController.xib */,
				073FD4B41F1E8EB3006290F8 /* MembersViewController.swift */,
				073FD4B51F1E8EB3006290F8 /* MembersViewController.xib */,
				07337ED21F34AF900047E99A /* SeasonViewController.swift */,
				07337ED31F34AF900047E99A /* SeasonViewController.xib */,
				07A568B11F1D4A2A0046E484 /* WikiViewController.swift */,
				07A568B21F1D4A2A0046E484 /* WikiViewController.xib */,
			);
			name = Controllers;
			sourceTree = "<group>";
		};
		073FB2801F155DA300CC2E62 /* Cocoa */ = {
			isa = PBXGroup;
			children = (
				073FB2811F155DC400CC2E62 /* UIKitExtensions.swift */,
			);
			name = Cocoa;
			sourceTree = "<group>";
		};
		0774C7201F37296300112B1E /* sprite_LoadingCircle */ = {
			isa = PBXGroup;
			children = (
				0774C7211F37296300112B1E /* sprite_LoadingCircle_0.png */,
				0774C7221F37296300112B1E /* sprite_LoadingCircle_1.png */,
				0774C7231F37296300112B1E /* sprite_LoadingCircle_2.png */,
				0774C7241F37296300112B1E /* sprite_LoadingCircle_3.png */,
				0774C7251F37296300112B1E /* sprite_LoadingCircle_4.png */,
				0774C7261F37296300112B1E /* sprite_LoadingCircle_5.png */,
				0774C7271F37296300112B1E /* sprite_LoadingCircle_6.png */,
				0774C7281F37296300112B1E /* sprite_LoadingCircle_7.png */,
			);
			path = sprite_LoadingCircle;
			sourceTree = "<group>";
		};
		078845631F0EC25A00F0106B /* Models */ = {
			isa = PBXGroup;
			children = (
				075763FF1F332453006B09D2 /* Episode.swift */,
				07B89C961F0EF3E0008DE341 /* House.swift */,
				0788456B1F0ECDA800F0106B /* Person.swift */,
				073FB2851F15623000CC2E62 /* Repository.swift */,
				073F359F1F3289F000E8C70A /* Season.swift */,
			);
			name = Models;
			sourceTree = "<group>";
		};
		078845681F0EC87E00F0106B /* Resources */ = {
			isa = PBXGroup;
			children = (
				0774C7201F37296300112B1E /* sprite_LoadingCircle */,
				073213841F35DD0900399A4B /* Numbers */,
				078845651F0EC87700F0106B /* codeIsComing.png */,
				0751E7501F1AD5E6001AE9B9 /* greyjoy.png */,
				078845641F0EC87700F0106B /* lannister.jpg */,
				0751E7441F1AA5DA001AE9B9 /* mormont.png */,
				0751E74C1F1AA97B001AE9B9 /* targaryen.png */,
				0751E74E1F1AA9AD001AE9B9 /* tyrell.png */,
			);
			name = Resources;
			sourceTree = "<group>";
		};
		079AD8E61F1EAB5A00DB5B34 /* Generics */ = {
			isa = PBXGroup;
			children = (
				079AD8E41F1EA9B300DB5B34 /* ArrayTableViewController.swift */,
				079AD8EC1F1EB13100DB5B34 /* Data Sources */,
				079AD8EB1F1EB11D00DB5B34 /* Delegates */,
			);
			name = Generics;
			sourceTree = "<group>";
		};
		079AD8EB1F1EB11D00DB5B34 /* Delegates */ = {
			isa = PBXGroup;
			children = (
				079AD8ED1F1EB16B00DB5B34 /* Delegates.swift */,
			);
			name = Delegates;
			sourceTree = "<group>";
		};
		079AD8EC1F1EB13100DB5B34 /* Data Sources */ = {
			isa = PBXGroup;
			children = (
				073FD4B81F1E99EA006290F8 /* ArrayDataSource.swift */,
				079AD8E71F1EAB7600DB5B34 /* DataSources.swift */,
			);
			name = "Data Sources";
			sourceTree = "<group>";
		};
		079D5A1C1F0C47E30027D8F5 = {
			isa = PBXGroup;
			children = (
				079D5A271F0C47E30027D8F5 /* Westeros */,
				079D5A3C1F0C47E40027D8F5 /* WesterosTests */,
				079D5A261F0C47E30027D8F5 /* Products */,
			);
			sourceTree = "<group>";
		};
		079D5A261F0C47E30027D8F5 /* Products */ = {
			isa = PBXGroup;
			children = (
				079D5A251F0C47E30027D8F5 /* Westeros.app */,
				079D5A391F0C47E40027D8F5 /* WesterosTests.xctest */,
			);
			name = Products;
			sourceTree = "<group>";
		};
		079D5A271F0C47E30027D8F5 /* Westeros */ = {
			isa = PBXGroup;
			children = (
				079D5A281F0C47E30027D8F5 /* AppDelegate.swift */,
				073FB2801F155DA300CC2E62 /* Cocoa */,
				0736A2AD1F1412A400B71D1F /* Controllers */,
				078845631F0EC25A00F0106B /* Models */,
				078845681F0EC87E00F0106B /* Resources */,
				079D5A2F1F0C47E30027D8F5 /* Assets.xcassets */,
				079D5A311F0C47E30027D8F5 /* LaunchScreen.storyboard */,
				079D5A341F0C47E30027D8F5 /* Info.plist */,
			);
			path = Westeros;
			sourceTree = "<group>";
		};
		079D5A3C1F0C47E40027D8F5 /* WesterosTests */ = {
			isa = PBXGroup;
			children = (
				079D5A3F1F0C47E40027D8F5 /* Info.plist */,
				073FD4BA1F1E9EF6006290F8 /* ArrayDataSourceTests.swift */,
				07B89C981F0EF422008DE341 /* HouseTest.swift */,
				078845691F0ECABB00F0106B /* PersonTest.swift */,
				073FB2831F15608500CC2E62 /* RepositoryTests.swift */,
				073F359D1F3288E000E8C70A /* SeasonTest.swift */,
				07337ED01F3483F60047E99A /* EpisodeTest.swift */,
			);
			path = WesterosTests;
			sourceTree = "<group>";
		};
/* End PBXGroup section */

/* Begin PBXNativeTarget section */
		079D5A241F0C47E30027D8F5 /* Westeros */ = {
			isa = PBXNativeTarget;
			buildConfigurationList = 079D5A421F0C47E40027D8F5 /* Build configuration list for PBXNativeTarget "Westeros" */;
			buildPhases = (
				079D5A211F0C47E30027D8F5 /* Sources */,
				079D5A221F0C47E30027D8F5 /* Frameworks */,
				079D5A231F0C47E30027D8F5 /* Resources */,
			);
			buildRules = (
			);
			dependencies = (
			);
			name = Westeros;
			productName = Westeros;
			productReference = 079D5A251F0C47E30027D8F5 /* Westeros.app */;
			productType = "com.apple.product-type.application";
		};
		079D5A381F0C47E40027D8F5 /* WesterosTests */ = {
			isa = PBXNativeTarget;
			buildConfigurationList = 079D5A451F0C47E40027D8F5 /* Build configuration list for PBXNativeTarget "WesterosTests" */;
			buildPhases = (
				079D5A351F0C47E40027D8F5 /* Sources */,
				079D5A361F0C47E40027D8F5 /* Frameworks */,
				079D5A371F0C47E40027D8F5 /* Resources */,
			);
			buildRules = (
			);
			dependencies = (
				079D5A3B1F0C47E40027D8F5 /* PBXTargetDependency */,
			);
			name = WesterosTests;
			productName = WesterosTests;
			productReference = 079D5A391F0C47E40027D8F5 /* WesterosTests.xctest */;
			productType = "com.apple.product-type.bundle.unit-test";
		};
/* End PBXNativeTarget section */

/* Begin PBXProject section */
		079D5A1D1F0C47E30027D8F5 /* Project object */ = {
			isa = PBXProject;
			attributes = {
				LastSwiftUpdateCheck = 0830;
				LastUpgradeCheck = 0830;
				ORGANIZATIONNAME = THO;
				TargetAttributes = {
					079D5A241F0C47E30027D8F5 = {
						CreatedOnToolsVersion = 8.3.3;
						ProvisioningStyle = Automatic;
					};
					079D5A381F0C47E40027D8F5 = {
						CreatedOnToolsVersion = 8.3.3;
						LastSwiftMigration = 0830;
						ProvisioningStyle = Automatic;
						TestTargetID = 079D5A241F0C47E30027D8F5;
					};
				};
			};
			buildConfigurationList = 079D5A201F0C47E30027D8F5 /* Build configuration list for PBXProject "Westeros" */;
			compatibilityVersion = "Xcode 3.2";
			developmentRegion = English;
			hasScannedForEncodings = 0;
			knownRegions = (
				en,
				Base,
			);
			mainGroup = 079D5A1C1F0C47E30027D8F5;
			productRefGroup = 079D5A261F0C47E30027D8F5 /* Products */;
			projectDirPath = "";
			projectRoot = "";
			targets = (
				079D5A241F0C47E30027D8F5 /* Westeros */,
				079D5A381F0C47E40027D8F5 /* WesterosTests */,
			);
		};
/* End PBXProject section */

/* Begin PBXResourcesBuildPhase section */
		079D5A231F0C47E30027D8F5 /* Resources */ = {
			isa = PBXResourcesBuildPhase;
			buildActionMask = 2147483647;
			files = (
				073213971F35DD0900399A4B /* metal-number-7.png in Resources */,
				0774C72C1F37296300112B1E /* sprite_LoadingCircle_3.png in Resources */,
				07A568B41F1D4A2A0046E484 /* WikiViewController.xib in Resources */,
				073213931F35DD0900399A4B /* metal-number-3.png in Resources */,
				0774C72A1F37296300112B1E /* sprite_LoadingCircle_1.png in Resources */,
				078845661F0EC87700F0106B /* lannister.jpg in Resources */,
				079D5A331F0C47E30027D8F5 /* LaunchScreen.storyboard in Resources */,
				073213911F35DD0900399A4B /* metal-number-1.png in Resources */,
				0700B4ED1F141A1500975924 /* HouseViewController.xib in Resources */,
				0774C7301F37296300112B1E /* sprite_LoadingCircle_7.png in Resources */,
				0774C72B1F37296300112B1E /* sprite_LoadingCircle_2.png in Resources */,
				07A568BE1F1D668D0046E484 /* HousesViewController.xib in Resources */,
				0774C7291F37296300112B1E /* sprite_LoadingCircle_0.png in Resources */,
				0751E7511F1AD5E6001AE9B9 /* greyjoy.png in Resources */,
				073213981F35DD0900399A4B /* metal-number-8.png in Resources */,
				07902D991F36350400659126 /* EpisodeViewController.xib in Resources */,
				079D5A301F0C47E30027D8F5 /* Assets.xcassets in Resources */,
				0774C72F1F37296300112B1E /* sprite_LoadingCircle_6.png in Resources */,
				073213941F35DD0900399A4B /* metal-number-4.png in Resources */,
				073213901F35DD0900399A4B /* metal-number-0.png in Resources */,
				0751E74D1F1AA97B001AE9B9 /* targaryen.png in Resources */,
				07337ED51F34AF900047E99A /* SeasonViewController.xib in Resources */,
				073213961F35DD0900399A4B /* metal-number-6.png in Resources */,
				073213951F35DD0900399A4B /* metal-number-5.png in Resources */,
				073FD4B71F1E8EB3006290F8 /* MembersViewController.xib in Resources */,
				0774C72E1F37296300112B1E /* sprite_LoadingCircle_5.png in Resources */,
				078845671F0EC87700F0106B /* codeIsComing.png in Resources */,
				073213921F35DD0900399A4B /* metal-number-2.png in Resources */,
				0751E7451F1AA5DA001AE9B9 /* mormont.png in Resources */,
				073213991F35DD0900399A4B /* metal-number-9.png in Resources */,
				0751E74F1F1AA9AD001AE9B9 /* tyrell.png in Resources */,
				0774C72D1F37296300112B1E /* sprite_LoadingCircle_4.png in Resources */,
			);
			runOnlyForDeploymentPostprocessing = 0;
		};
		079D5A371F0C47E40027D8F5 /* Resources */ = {
			isa = PBXResourcesBuildPhase;
			buildActionMask = 2147483647;
			files = (
			);
			runOnlyForDeploymentPostprocessing = 0;
		};
/* End PBXResourcesBuildPhase section */

/* Begin PBXSourcesBuildPhase section */
		079D5A211F0C47E30027D8F5 /* Sources */ = {
			isa = PBXSourcesBuildPhase;
			buildActionMask = 2147483647;
			files = (
				079AD8E51F1EA9B300DB5B34 /* ArrayTableViewController.swift in Sources */,
				073FD4B91F1E99EA006290F8 /* ArrayDataSource.swift in Sources */,
				079AD8EE1F1EB16B00DB5B34 /* Delegates.swift in Sources */,
				079D5A291F0C47E30027D8F5 /* AppDelegate.swift in Sources */,
				07902D981F36350400659126 /* EpisodeViewController.swift in Sources */,
				073FD4B61F1E8EB3006290F8 /* MembersViewController.swift in Sources */,
				07B89C971F0EF3E0008DE341 /* House.swift in Sources */,
				0788456C1F0ECDA800F0106B /* Person.swift in Sources */,
				07A568BD1F1D668D0046E484 /* HousesViewController.swift in Sources */,
				0700B4EC1F141A1500975924 /* HouseViewController.swift in Sources */,
				073FB2821F155DC400CC2E62 /* UIKitExtensions.swift in Sources */,
				073FB2861F15623000CC2E62 /* Repository.swift in Sources */,
				079AD8E81F1EAB7600DB5B34 /* DataSources.swift in Sources */,
				073F35A01F3289F000E8C70A /* Season.swift in Sources */,
				07337ED41F34AF900047E99A /* SeasonViewController.swift in Sources */,
				075764001F332453006B09D2 /* Episode.swift in Sources */,
				07A568B31F1D4A2A0046E484 /* WikiViewController.swift in Sources */,
			);
			runOnlyForDeploymentPostprocessing = 0;
		};
		079D5A351F0C47E40027D8F5 /* Sources */ = {
			isa = PBXSourcesBuildPhase;
			buildActionMask = 2147483647;
			files = (
				07B89C991F0EF422008DE341 /* HouseTest.swift in Sources */,
				07337ED11F3483F60047E99A /* EpisodeTest.swift in Sources */,
				0788456A1F0ECABB00F0106B /* PersonTest.swift in Sources */,
				073FD4BB1F1E9EF6006290F8 /* ArrayDataSourceTests.swift in Sources */,
				073FB2841F15608500CC2E62 /* RepositoryTests.swift in Sources */,
				073F359E1F3288E000E8C70A /* SeasonTest.swift in Sources */,
			);
			runOnlyForDeploymentPostprocessing = 0;
		};
/* End PBXSourcesBuildPhase section */

/* Begin PBXTargetDependency section */
		079D5A3B1F0C47E40027D8F5 /* PBXTargetDependency */ = {
			isa = PBXTargetDependency;
			target = 079D5A241F0C47E30027D8F5 /* Westeros */;
			targetProxy = 079D5A3A1F0C47E40027D8F5 /* PBXContainerItemProxy */;
		};
/* End PBXTargetDependency section */

/* Begin PBXVariantGroup section */
		079D5A311F0C47E30027D8F5 /* LaunchScreen.storyboard */ = {
			isa = PBXVariantGroup;
			children = (
				079D5A321F0C47E30027D8F5 /* Base */,
			);
			name = LaunchScreen.storyboard;
			sourceTree = "<group>";
		};
/* End PBXVariantGroup section */

/* Begin XCBuildConfiguration section */
		079D5A401F0C47E40027D8F5 /* Debug */ = {
			isa = XCBuildConfiguration;
			buildSettings = {
				ALWAYS_SEARCH_USER_PATHS = NO;
				CLANG_ANALYZER_NONNULL = YES;
				CLANG_ANALYZER_NUMBER_OBJECT_CONVERSION = YES_AGGRESSIVE;
				CLANG_CXX_LANGUAGE_STANDARD = "gnu++0x";
				CLANG_CXX_LIBRARY = "libc++";
				CLANG_ENABLE_MODULES = YES;
				CLANG_ENABLE_OBJC_ARC = YES;
				CLANG_WARN_BOOL_CONVERSION = YES;
				CLANG_WARN_CONSTANT_CONVERSION = YES;
				CLANG_WARN_DIRECT_OBJC_ISA_USAGE = YES_ERROR;
				CLANG_WARN_DOCUMENTATION_COMMENTS = YES;
				CLANG_WARN_EMPTY_BODY = YES;
				CLANG_WARN_ENUM_CONVERSION = YES;
				CLANG_WARN_INFINITE_RECURSION = YES;
				CLANG_WARN_INT_CONVERSION = YES;
				CLANG_WARN_OBJC_ROOT_CLASS = YES_ERROR;
				CLANG_WARN_SUSPICIOUS_MOVE = YES;
				CLANG_WARN_UNREACHABLE_CODE = YES;
				CLANG_WARN__DUPLICATE_METHOD_MATCH = YES;
				"CODE_SIGN_IDENTITY[sdk=iphoneos*]" = "iPhone Developer";
				COPY_PHASE_STRIP = NO;
				DEBUG_INFORMATION_FORMAT = dwarf;
				ENABLE_STRICT_OBJC_MSGSEND = YES;
				ENABLE_TESTABILITY = YES;
				GCC_C_LANGUAGE_STANDARD = gnu99;
				GCC_DYNAMIC_NO_PIC = NO;
				GCC_NO_COMMON_BLOCKS = YES;
				GCC_OPTIMIZATION_LEVEL = 0;
				GCC_PREPROCESSOR_DEFINITIONS = (
					"DEBUG=1",
					"$(inherited)",
				);
				GCC_WARN_64_TO_32_BIT_CONVERSION = YES;
				GCC_WARN_ABOUT_RETURN_TYPE = YES_ERROR;
				GCC_WARN_UNDECLARED_SELECTOR = YES;
				GCC_WARN_UNINITIALIZED_AUTOS = YES_AGGRESSIVE;
				GCC_WARN_UNUSED_FUNCTION = YES;
				GCC_WARN_UNUSED_VARIABLE = YES;
				IPHONEOS_DEPLOYMENT_TARGET = 10.3;
				MTL_ENABLE_DEBUG_INFO = YES;
				ONLY_ACTIVE_ARCH = YES;
				SDKROOT = iphoneos;
				SWIFT_ACTIVE_COMPILATION_CONDITIONS = DEBUG;
				SWIFT_OPTIMIZATION_LEVEL = "-Onone";
				TARGETED_DEVICE_FAMILY = "1,2";
			};
			name = Debug;
		};
		079D5A411F0C47E40027D8F5 /* Release */ = {
			isa = XCBuildConfiguration;
			buildSettings = {
				ALWAYS_SEARCH_USER_PATHS = NO;
				CLANG_ANALYZER_NONNULL = YES;
				CLANG_ANALYZER_NUMBER_OBJECT_CONVERSION = YES_AGGRESSIVE;
				CLANG_CXX_LANGUAGE_STANDARD = "gnu++0x";
				CLANG_CXX_LIBRARY = "libc++";
				CLANG_ENABLE_MODULES = YES;
				CLANG_ENABLE_OBJC_ARC = YES;
				CLANG_WARN_BOOL_CONVERSION = YES;
				CLANG_WARN_CONSTANT_CONVERSION = YES;
				CLANG_WARN_DIRECT_OBJC_ISA_USAGE = YES_ERROR;
				CLANG_WARN_DOCUMENTATION_COMMENTS = YES;
				CLANG_WARN_EMPTY_BODY = YES;
				CLANG_WARN_ENUM_CONVERSION = YES;
				CLANG_WARN_INFINITE_RECURSION = YES;
				CLANG_WARN_INT_CONVERSION = YES;
				CLANG_WARN_OBJC_ROOT_CLASS = YES_ERROR;
				CLANG_WARN_SUSPICIOUS_MOVE = YES;
				CLANG_WARN_UNREACHABLE_CODE = YES;
				CLANG_WARN__DUPLICATE_METHOD_MATCH = YES;
				"CODE_SIGN_IDENTITY[sdk=iphoneos*]" = "iPhone Developer";
				COPY_PHASE_STRIP = NO;
				DEBUG_INFORMATION_FORMAT = "dwarf-with-dsym";
				ENABLE_NS_ASSERTIONS = NO;
				ENABLE_STRICT_OBJC_MSGSEND = YES;
				GCC_C_LANGUAGE_STANDARD = gnu99;
				GCC_NO_COMMON_BLOCKS = YES;
				GCC_WARN_64_TO_32_BIT_CONVERSION = YES;
				GCC_WARN_ABOUT_RETURN_TYPE = YES_ERROR;
				GCC_WARN_UNDECLARED_SELECTOR = YES;
				GCC_WARN_UNINITIALIZED_AUTOS = YES_AGGRESSIVE;
				GCC_WARN_UNUSED_FUNCTION = YES;
				GCC_WARN_UNUSED_VARIABLE = YES;
				IPHONEOS_DEPLOYMENT_TARGET = 10.3;
				MTL_ENABLE_DEBUG_INFO = NO;
				SDKROOT = iphoneos;
				SWIFT_OPTIMIZATION_LEVEL = "-Owholemodule";
				TARGETED_DEVICE_FAMILY = "1,2";
				VALIDATE_PRODUCT = YES;
			};
			name = Release;
		};
		079D5A431F0C47E40027D8F5 /* Debug */ = {
			isa = XCBuildConfiguration;
			buildSettings = {
				ASSETCATALOG_COMPILER_APPICON_NAME = AppIcon;
				INFOPLIST_FILE = Westeros/Info.plist;
				LD_RUNPATH_SEARCH_PATHS = "$(inherited) @executable_path/Frameworks";
				PRODUCT_BUNDLE_IDENTIFIER = THO.Westeros;
				PRODUCT_NAME = "$(TARGET_NAME)";
				SWIFT_VERSION = 3.0;
			};
			name = Debug;
		};
		079D5A441F0C47E40027D8F5 /* Release */ = {
			isa = XCBuildConfiguration;
			buildSettings = {
				ASSETCATALOG_COMPILER_APPICON_NAME = AppIcon;
				INFOPLIST_FILE = Westeros/Info.plist;
				LD_RUNPATH_SEARCH_PATHS = "$(inherited) @executable_path/Frameworks";
				PRODUCT_BUNDLE_IDENTIFIER = THO.Westeros;
				PRODUCT_NAME = "$(TARGET_NAME)";
				SWIFT_VERSION = 3.0;
			};
			name = Release;
		};
		079D5A461F0C47E40027D8F5 /* Debug */ = {
			isa = XCBuildConfiguration;
			buildSettings = {
				ALWAYS_EMBED_SWIFT_STANDARD_LIBRARIES = YES;
				BUNDLE_LOADER = "$(TEST_HOST)";
				CLANG_ENABLE_MODULES = YES;
				INFOPLIST_FILE = WesterosTests/Info.plist;
				LD_RUNPATH_SEARCH_PATHS = "$(inherited) @executable_path/Frameworks @loader_path/Frameworks";
				PRODUCT_BUNDLE_IDENTIFIER = THO.WesterosTests;
				PRODUCT_NAME = "$(TARGET_NAME)";
				SWIFT_OPTIMIZATION_LEVEL = "-Onone";
				SWIFT_VERSION = 3.0;
				TEST_HOST = "$(BUILT_PRODUCTS_DIR)/Westeros.app/Westeros";
			};
			name = Debug;
		};
		079D5A471F0C47E40027D8F5 /* Release */ = {
			isa = XCBuildConfiguration;
			buildSettings = {
				ALWAYS_EMBED_SWIFT_STANDARD_LIBRARIES = YES;
				BUNDLE_LOADER = "$(TEST_HOST)";
				CLANG_ENABLE_MODULES = YES;
				INFOPLIST_FILE = WesterosTests/Info.plist;
				LD_RUNPATH_SEARCH_PATHS = "$(inherited) @executable_path/Frameworks @loader_path/Frameworks";
				PRODUCT_BUNDLE_IDENTIFIER = THO.WesterosTests;
				PRODUCT_NAME = "$(TARGET_NAME)";
				SWIFT_VERSION = 3.0;
				TEST_HOST = "$(BUILT_PRODUCTS_DIR)/Westeros.app/Westeros";
			};
			name = Release;
		};
/* End XCBuildConfiguration section */

/* Begin XCConfigurationList section */
		079D5A201F0C47E30027D8F5 /* Build configuration list for PBXProject "Westeros" */ = {
			isa = XCConfigurationList;
			buildConfigurations = (
				079D5A401F0C47E40027D8F5 /* Debug */,
				079D5A411F0C47E40027D8F5 /* Release */,
			);
			defaultConfigurationIsVisible = 0;
			defaultConfigurationName = Release;
		};
		079D5A421F0C47E40027D8F5 /* Build configuration list for PBXNativeTarget "Westeros" */ = {
			isa = XCConfigurationList;
			buildConfigurations = (
				079D5A431F0C47E40027D8F5 /* Debug */,
				079D5A441F0C47E40027D8F5 /* Release */,
			);
			defaultConfigurationIsVisible = 0;
			defaultConfigurationName = Release;
		};
		079D5A451F0C47E40027D8F5 /* Build configuration list for PBXNativeTarget "WesterosTests" */ = {
			isa = XCConfigurationList;
			buildConfigurations = (
				079D5A461F0C47E40027D8F5 /* Debug */,
				079D5A471F0C47E40027D8F5 /* Release */,
			);
			defaultConfigurationIsVisible = 0;
			defaultConfigurationName = Release;
		};
/* End XCConfigurationList section */
	};
	rootObject = 079D5A1D1F0C47E30027D8F5 /* Project object */;
}
